
Microsoft Visual Studio Solution File, Format Version 12.00
# Visual Studio Version 16
VisualStudioVersion = 16.0.30804.86
MinimumVisualStudioVersion = 10.0.40219.1
Project("{FAE04EC0-301F-11D3-BF4B-00C04F79EFBC}") = "ClassMethodDemo", "ClassMethodDemo\ClassMethodDemo.csproj", "{20F83F1D-B75D-43EE-ADDB-B7725434CEC3}"
EndProject
Global
	GlobalSection(SolutionConfigurationPlatforms) = preSolution
		Debug|Any CPU = Debug|Any CPU
		Release|Any CPU = Release|Any CPU
	EndGlobalSection
	GlobalSection(ProjectConfigurationPlatforms) = postSolution
		{20F83F1D-B75D-43EE-ADDB-B7725434CEC3}.Debug|Any CPU.ActiveCfg = Debug|Any CPU
		{20F83F1D-B75D-43EE-ADDB-B7725434CEC3}.Debug|Any CPU.Build.0 = Debug|Any CPU
		{20F83F1D-B75D-43EE-ADDB-B7725434CEC3}.Release|Any CPU.ActiveCfg = Release|Any CPU
		{20F83F1D-B75D-43EE-ADDB-B7725434CEC3}.Release|Any CPU.Build.0 = Release|Any CPU
	EndGlobalSection
	GlobalSection(SolutionProperties) = preSolution
		HideSolutionNode = FALSE
	EndGlobalSection
	GlobalSection(ExtensibilityGlobals) = postSolution
		SolutionGuid = {AB1689EA-4E47-4620-A446-4E9EF3F71050}
	EndGlobalSection
EndGlobal
